
Microsoft Visual Studio Solution File, Format Version 12.00
# Visual Studio Version 17
VisualStudioVersion = 17.14.36301.6
MinimumVisualStudioVersion = 10.0.40219.1
Project("{FAE04EC0-301F-11D3-BF4B-00C04F79EFBC}") = "Ok.Framework.Web", "Ok.Framework.Web\Ok.Framework.Web.csproj", "{0CCB838A-7FA8-4E17-B7AD-3FC1FA5E9222}"
EndProject
Project("{FAE04EC0-301F-11D3-BF4B-00C04F79EFBC}") = "Ok.Framework.Db", "Ok.Framework.Db\Ok.Framework.Db.csproj", "{D3D3CCAE-0945-4987-A2AE-3556F96E34D6}"
EndProject
Project("{FAE04EC0-301F-11D3-BF4B-00C04F79EFBC}") = "Ok.Framework.Test", "Ok.Framework.Test\Ok.Framework.Test.csproj", "{72F5E296-D16F-464A-896E-A2B25E751BA8}"
EndProject
Global
	GlobalSection(SolutionConfigurationPlatforms) = preSolution
		Debug|Any CPU = Debug|Any CPU
		Release|Any CPU = Release|Any CPU
	EndGlobalSection
	GlobalSection(ProjectConfigurationPlatforms) = postSolution
		{0CCB838A-7FA8-4E17-B7AD-3FC1FA5E9222}.Debug|Any CPU.ActiveCfg = Debug|Any CPU
		{0CCB838A-7FA8-4E17-B7AD-3FC1FA5E9222}.Debug|Any CPU.Build.0 = Debug|Any CPU
		{0CCB838A-7FA8-4E17-B7AD-3FC1FA5E9222}.Release|Any CPU.ActiveCfg = Release|Any CPU
		{0CCB838A-7FA8-4E17-B7AD-3FC1FA5E9222}.Release|Any CPU.Build.0 = Release|Any CPU
		{D3D3CCAE-0945-4987-A2AE-3556F96E34D6}.Debug|Any CPU.ActiveCfg = Debug|Any CPU
		{D3D3CCAE-0945-4987-A2AE-3556F96E34D6}.Debug|Any CPU.Build.0 = Debug|Any CPU
		{D3D3CCAE-0945-4987-A2AE-3556F96E34D6}.Release|Any CPU.ActiveCfg = Release|Any CPU
		{D3D3CCAE-0945-4987-A2AE-3556F96E34D6}.Release|Any CPU.Build.0 = Release|Any CPU
		{72F5E296-D16F-464A-896E-A2B25E751BA8}.Debug|Any CPU.ActiveCfg = Debug|Any CPU
		{72F5E296-D16F-464A-896E-A2B25E751BA8}.Debug|Any CPU.Build.0 = Debug|Any CPU
		{72F5E296-D16F-464A-896E-A2B25E751BA8}.Release|Any CPU.ActiveCfg = Release|Any CPU
		{72F5E296-D16F-464A-896E-A2B25E751BA8}.Release|Any CPU.Build.0 = Release|Any CPU
	EndGlobalSection
	GlobalSection(SolutionProperties) = preSolution
		HideSolutionNode = FALSE
	EndGlobalSection
	GlobalSection(ExtensibilityGlobals) = postSolution
		SolutionGuid = {D89405FA-8BEE-4207-AC2E-BD7208483F62}
	EndGlobalSection
EndGlobal
